
Microsoft Visual Studio Solution File, Format Version 12.00
# Visual Studio 15
VisualStudioVersion = 15.0.27703.2026
MinimumVisualStudioVersion = 10.0.40219.1
Project("{FAE04EC0-301F-11D3-BF4B-00C04F79EFBC}") = "BotsServer", "BotsServer\BotsServer.csproj", "{7E4D5D82-5992-49C3-B931-9032BC0DCF79}"
EndProject
Project("{9A19103F-16F7-4668-BE54-9A1E7A4F7556}") = "CommonLibraries", "..\CommonLibraries\CommonLibraries\CommonLibraries.csproj", "{0E5FAE4E-F78E-49B8-B063-5AB5381FFE85}"
EndProject
Project("{FAE04EC0-301F-11D3-BF4B-00C04F79EFBC}") = "BotsData", "BotsData\BotsData.csproj", "{27D8F392-0A78-4142-AC82-7637EB45EF01}"
EndProject
Global
	GlobalSection(SolutionConfigurationPlatforms) = preSolution
		Debug|Any CPU = Debug|Any CPU
		Release|Any CPU = Release|Any CPU
	EndGlobalSection
	GlobalSection(ProjectConfigurationPlatforms) = postSolution
		{7E4D5D82-5992-49C3-B931-9032BC0DCF79}.Debug|Any CPU.ActiveCfg = Debug|Any CPU
		{7E4D5D82-5992-49C3-B931-9032BC0DCF79}.Debug|Any CPU.Build.0 = Debug|Any CPU
		{7E4D5D82-5992-49C3-B931-9032BC0DCF79}.Release|Any CPU.ActiveCfg = Release|Any CPU
		{7E4D5D82-5992-49C3-B931-9032BC0DCF79}.Release|Any CPU.Build.0 = Release|Any CPU
		{0E5FAE4E-F78E-49B8-B063-5AB5381FFE85}.Debug|Any CPU.ActiveCfg = Debug|Any CPU
		{0E5FAE4E-F78E-49B8-B063-5AB5381FFE85}.Debug|Any CPU.Build.0 = Debug|Any CPU
		{0E5FAE4E-F78E-49B8-B063-5AB5381FFE85}.Release|Any CPU.ActiveCfg = Release|Any CPU
		{0E5FAE4E-F78E-49B8-B063-5AB5381FFE85}.Release|Any CPU.Build.0 = Release|Any CPU
		{27D8F392-0A78-4142-AC82-7637EB45EF01}.Debug|Any CPU.ActiveCfg = Debug|Any CPU
		{27D8F392-0A78-4142-AC82-7637EB45EF01}.Debug|Any CPU.Build.0 = Debug|Any CPU
		{27D8F392-0A78-4142-AC82-7637EB45EF01}.Release|Any CPU.ActiveCfg = Release|Any CPU
		{27D8F392-0A78-4142-AC82-7637EB45EF01}.Release|Any CPU.Build.0 = Release|Any CPU
	EndGlobalSection
	GlobalSection(SolutionProperties) = preSolution
		HideSolutionNode = FALSE
	EndGlobalSection
	GlobalSection(ExtensibilityGlobals) = postSolution
		SolutionGuid = {0835F317-CB79-43DC-B78A-55F8E1EF688D}
	EndGlobalSection
EndGlobal
