
Microsoft Visual Studio Solution File, Format Version 12.00
# Visual Studio 15
VisualStudioVersion = 15.0.27130.2010
MinimumVisualStudioVersion = 10.0.40219.1
Project("{9A19103F-16F7-4668-BE54-9A1E7A4F7556}") = "CommonLibraries", "CommonLibraries\CommonLibraries.csproj", "{910794AC-A128-4956-8D03-0DC57609A2E8}"
EndProject
Project("{9A19103F-16F7-4668-BE54-9A1E7A4F7556}") = "TwoButtonsDatabase", "TwoButtonsDatabase\TwoButtonsDatabase.csproj", "{1394EAEA-8473-4AD7-8093-039971320A52}"
EndProject
Global
	GlobalSection(SolutionConfigurationPlatforms) = preSolution
		Debug|Any CPU = Debug|Any CPU
		Release|Any CPU = Release|Any CPU
	EndGlobalSection
	GlobalSection(ProjectConfigurationPlatforms) = postSolution
		{910794AC-A128-4956-8D03-0DC57609A2E8}.Debug|Any CPU.ActiveCfg = Debug|Any CPU
		{910794AC-A128-4956-8D03-0DC57609A2E8}.Debug|Any CPU.Build.0 = Debug|Any CPU
		{910794AC-A128-4956-8D03-0DC57609A2E8}.Release|Any CPU.ActiveCfg = Release|Any CPU
		{910794AC-A128-4956-8D03-0DC57609A2E8}.Release|Any CPU.Build.0 = Release|Any CPU
		{1394EAEA-8473-4AD7-8093-039971320A52}.Debug|Any CPU.ActiveCfg = Debug|Any CPU
		{1394EAEA-8473-4AD7-8093-039971320A52}.Debug|Any CPU.Build.0 = Debug|Any CPU
		{1394EAEA-8473-4AD7-8093-039971320A52}.Release|Any CPU.ActiveCfg = Release|Any CPU
		{1394EAEA-8473-4AD7-8093-039971320A52}.Release|Any CPU.Build.0 = Release|Any CPU
	EndGlobalSection
	GlobalSection(SolutionProperties) = preSolution
		HideSolutionNode = FALSE
	EndGlobalSection
	GlobalSection(ExtensibilityGlobals) = postSolution
		SolutionGuid = {26E1BCB0-2F3F-434F-8145-7366BDAB8DCC}
	EndGlobalSection
EndGlobal
