
Microsoft Visual Studio Solution File, Format Version 12.00
# Visual Studio 15
VisualStudioVersion = 15.0.27130.2010
MinimumVisualStudioVersion = 10.0.40219.1
Project("{9A19103F-16F7-4668-BE54-9A1E7A4F7556}") = "CommonLibraries", "..\CommonLibraries\CommonLibraries\CommonLibraries.csproj", "{83F73F04-F9C4-4DD6-84CB-2B2E504FDB7E}"
EndProject
Project("{9A19103F-16F7-4668-BE54-9A1E7A4F7556}") = "AuthorizationData", "AuthorizationData\AuthorizationData.csproj", "{BCFB2F97-85B1-4298-8C34-B014DD446D61}"
EndProject
Project("{9A19103F-16F7-4668-BE54-9A1E7A4F7556}") = "AuthorizationServer", "AuthorizationServer\AuthorizationServer.csproj", "{349FB6F9-65E6-496D-9836-12D9129D519B}"
EndProject
Global
	GlobalSection(SolutionConfigurationPlatforms) = preSolution
		Debug|Any CPU = Debug|Any CPU
		Release|Any CPU = Release|Any CPU
	EndGlobalSection
	GlobalSection(ProjectConfigurationPlatforms) = postSolution
		{83F73F04-F9C4-4DD6-84CB-2B2E504FDB7E}.Debug|Any CPU.ActiveCfg = Debug|Any CPU
		{83F73F04-F9C4-4DD6-84CB-2B2E504FDB7E}.Debug|Any CPU.Build.0 = Debug|Any CPU
		{83F73F04-F9C4-4DD6-84CB-2B2E504FDB7E}.Release|Any CPU.ActiveCfg = Release|Any CPU
		{83F73F04-F9C4-4DD6-84CB-2B2E504FDB7E}.Release|Any CPU.Build.0 = Release|Any CPU
		{BCFB2F97-85B1-4298-8C34-B014DD446D61}.Debug|Any CPU.ActiveCfg = Debug|Any CPU
		{BCFB2F97-85B1-4298-8C34-B014DD446D61}.Debug|Any CPU.Build.0 = Debug|Any CPU
		{BCFB2F97-85B1-4298-8C34-B014DD446D61}.Release|Any CPU.ActiveCfg = Release|Any CPU
		{BCFB2F97-85B1-4298-8C34-B014DD446D61}.Release|Any CPU.Build.0 = Release|Any CPU
		{349FB6F9-65E6-496D-9836-12D9129D519B}.Debug|Any CPU.ActiveCfg = Debug|Any CPU
		{349FB6F9-65E6-496D-9836-12D9129D519B}.Debug|Any CPU.Build.0 = Debug|Any CPU
		{349FB6F9-65E6-496D-9836-12D9129D519B}.Release|Any CPU.ActiveCfg = Release|Any CPU
		{349FB6F9-65E6-496D-9836-12D9129D519B}.Release|Any CPU.Build.0 = Release|Any CPU
	EndGlobalSection
	GlobalSection(SolutionProperties) = preSolution
		HideSolutionNode = FALSE
	EndGlobalSection
	GlobalSection(ExtensibilityGlobals) = postSolution
		SolutionGuid = {2F3C0BD7-64C5-49B0-A6B2-462B8C2BE177}
	EndGlobalSection
EndGlobal
