
Microsoft Visual Studio Solution File, Format Version 12.00
# Visual Studio 15
VisualStudioVersion = 15.0.27703.2026
MinimumVisualStudioVersion = 10.0.40219.1
Project("{9A19103F-16F7-4668-BE54-9A1E7A4F7556}") = "DataGenerator", "DataGenerator\DataGenerator.csproj", "{45BA245F-773D-4D7C-B2E7-2FC759C6AA4F}"
EndProject
Project("{9A19103F-16F7-4668-BE54-9A1E7A4F7556}") = "CommonLibraries", "..\CommonLibraries\CommonLibraries\CommonLibraries.csproj", "{69B0932B-76FB-48B1-B742-79158E6D4CB7}"
EndProject
Global
	GlobalSection(SolutionConfigurationPlatforms) = preSolution
		Debug|Any CPU = Debug|Any CPU
		Release|Any CPU = Release|Any CPU
	EndGlobalSection
	GlobalSection(ProjectConfigurationPlatforms) = postSolution
		{45BA245F-773D-4D7C-B2E7-2FC759C6AA4F}.Debug|Any CPU.ActiveCfg = Debug|Any CPU
		{45BA245F-773D-4D7C-B2E7-2FC759C6AA4F}.Debug|Any CPU.Build.0 = Debug|Any CPU
		{45BA245F-773D-4D7C-B2E7-2FC759C6AA4F}.Release|Any CPU.ActiveCfg = Release|Any CPU
		{45BA245F-773D-4D7C-B2E7-2FC759C6AA4F}.Release|Any CPU.Build.0 = Release|Any CPU
		{69B0932B-76FB-48B1-B742-79158E6D4CB7}.Debug|Any CPU.ActiveCfg = Debug|Any CPU
		{69B0932B-76FB-48B1-B742-79158E6D4CB7}.Debug|Any CPU.Build.0 = Debug|Any CPU
		{69B0932B-76FB-48B1-B742-79158E6D4CB7}.Release|Any CPU.ActiveCfg = Release|Any CPU
		{69B0932B-76FB-48B1-B742-79158E6D4CB7}.Release|Any CPU.Build.0 = Release|Any CPU
	EndGlobalSection
	GlobalSection(SolutionProperties) = preSolution
		HideSolutionNode = FALSE
	EndGlobalSection
	GlobalSection(ExtensibilityGlobals) = postSolution
		SolutionGuid = {6FF1B63C-3B9D-42FD-BAA1-EB9357F91BDA}
	EndGlobalSection
EndGlobal
