
Microsoft Visual Studio Solution File, Format Version 12.00
# Visual Studio 15
VisualStudioVersion = 15.0.27703.2026
MinimumVisualStudioVersion = 10.0.40219.1
Project("{FAE04EC0-301F-11D3-BF4B-00C04F79EFBC}") = "MonitoringServer", "MonitoringServer\MonitoringServer.csproj", "{AEE30B50-034C-42E5-992E-F38190DC4AF3}"
EndProject
Project("{9A19103F-16F7-4668-BE54-9A1E7A4F7556}") = "CommonLibraries", "..\CommonLibraries\CommonLibraries\CommonLibraries.csproj", "{8BE1BF38-B62E-48A2-A4D1-CE163B425A84}"
EndProject
Project("{9A19103F-16F7-4668-BE54-9A1E7A4F7556}") = "TwoButtonsDatabase", "..\CommonLibraries\TwoButtonsDatabase\TwoButtonsDatabase.csproj", "{FBA5D38A-7AE5-45DA-B9DD-73CA43968DE1}"
EndProject
Project("{FAE04EC0-301F-11D3-BF4B-00C04F79EFBC}") = "MonitoringData", "MonitoringData\MonitoringData.csproj", "{ED308626-20F6-4866-9FFC-442FF69F453C}"
EndProject
Global
	GlobalSection(SolutionConfigurationPlatforms) = preSolution
		Debug|Any CPU = Debug|Any CPU
		Release|Any CPU = Release|Any CPU
	EndGlobalSection
	GlobalSection(ProjectConfigurationPlatforms) = postSolution
		{AEE30B50-034C-42E5-992E-F38190DC4AF3}.Debug|Any CPU.ActiveCfg = Debug|Any CPU
		{AEE30B50-034C-42E5-992E-F38190DC4AF3}.Debug|Any CPU.Build.0 = Debug|Any CPU
		{AEE30B50-034C-42E5-992E-F38190DC4AF3}.Release|Any CPU.ActiveCfg = Release|Any CPU
		{AEE30B50-034C-42E5-992E-F38190DC4AF3}.Release|Any CPU.Build.0 = Release|Any CPU
		{8BE1BF38-B62E-48A2-A4D1-CE163B425A84}.Debug|Any CPU.ActiveCfg = Debug|Any CPU
		{8BE1BF38-B62E-48A2-A4D1-CE163B425A84}.Debug|Any CPU.Build.0 = Debug|Any CPU
		{8BE1BF38-B62E-48A2-A4D1-CE163B425A84}.Release|Any CPU.ActiveCfg = Release|Any CPU
		{8BE1BF38-B62E-48A2-A4D1-CE163B425A84}.Release|Any CPU.Build.0 = Release|Any CPU
		{FBA5D38A-7AE5-45DA-B9DD-73CA43968DE1}.Debug|Any CPU.ActiveCfg = Debug|Any CPU
		{FBA5D38A-7AE5-45DA-B9DD-73CA43968DE1}.Debug|Any CPU.Build.0 = Debug|Any CPU
		{FBA5D38A-7AE5-45DA-B9DD-73CA43968DE1}.Release|Any CPU.ActiveCfg = Release|Any CPU
		{FBA5D38A-7AE5-45DA-B9DD-73CA43968DE1}.Release|Any CPU.Build.0 = Release|Any CPU
		{ED308626-20F6-4866-9FFC-442FF69F453C}.Debug|Any CPU.ActiveCfg = Debug|Any CPU
		{ED308626-20F6-4866-9FFC-442FF69F453C}.Debug|Any CPU.Build.0 = Debug|Any CPU
		{ED308626-20F6-4866-9FFC-442FF69F453C}.Release|Any CPU.ActiveCfg = Release|Any CPU
		{ED308626-20F6-4866-9FFC-442FF69F453C}.Release|Any CPU.Build.0 = Release|Any CPU
	EndGlobalSection
	GlobalSection(SolutionProperties) = preSolution
		HideSolutionNode = FALSE
	EndGlobalSection
	GlobalSection(ExtensibilityGlobals) = postSolution
		SolutionGuid = {686448D8-B942-45AC-BACD-4CA6E0F12B88}
	EndGlobalSection
EndGlobal
